// !$*UTF8*$!
{
	archiveVersion = 1;
	classes = {
	};
	objectVersion = 50;
	objects = {

/* Begin PBXBuildFile section */
		B15FC4A523349F82008D7031 /* AppDelegate.swift in Sources */ = {isa = PBXBuildFile; fileRef = B15FC4A423349F82008D7031 /* AppDelegate.swift */; };
		B15FC4A723349F82008D7031 /* SceneDelegate.swift in Sources */ = {isa = PBXBuildFile; fileRef = B15FC4A623349F82008D7031 /* SceneDelegate.swift */; };
		B15FC4A923349F82008D7031 /* PencilKitViewController.swift in Sources */ = {isa = PBXBuildFile; fileRef = B15FC4A823349F82008D7031 /* PencilKitViewController.swift */; };
		B15FC4AC23349F82008D7031 /* Main.storyboard in Resources */ = {isa = PBXBuildFile; fileRef = B15FC4AA23349F82008D7031 /* Main.storyboard */; };
		B15FC4AE23349F83008D7031 /* Assets.xcassets in Resources */ = {isa = PBXBuildFile; fileRef = B15FC4AD23349F83008D7031 /* Assets.xcassets */; };
		B15FC4B123349F83008D7031 /* LaunchScreen.storyboard in Resources */ = {isa = PBXBuildFile; fileRef = B15FC4AF23349F83008D7031 /* LaunchScreen.storyboard */; };
		B15FC4BC23349F83008D7031 /* PencilKitExampleTests.swift in Sources */ = {isa = PBXBuildFile; fileRef = B15FC4BB23349F83008D7031 /* PencilKitExampleTests.swift */; };
		B15FC4C723349F84008D7031 /* PencilKitExampleUITests.swift in Sources */ = {isa = PBXBuildFile; fileRef = B15FC4C623349F84008D7031 /* PencilKitExampleUITests.swift */; };
		B15FC4D52334A159008D7031 /* PencilKitInterface.swift in Sources */ = {isa = PBXBuildFile; fileRef = B15FC4D42334A159008D7031 /* PencilKitInterface.swift */; };
		B15FC4D72334A17F008D7031 /* PKCanvas.swift in Sources */ = {isa = PBXBuildFile; fileRef = B15FC4D62334A17F008D7031 /* PKCanvas.swift */; };
/* End PBXBuildFile section */

/* Begin PBXContainerItemProxy section */
		B15FC4B823349F83008D7031 /* PBXContainerItemProxy */ = {
			isa = PBXContainerItemProxy;
			containerPortal = B15FC49923349F82008D7031 /* Project object */;
			proxyType = 1;
			remoteGlobalIDString = B15FC4A023349F82008D7031;
			remoteInfo = PencilKitExample;
		};
		B15FC4C323349F84008D7031 /* PBXContainerItemProxy */ = {
			isa = PBXContainerItemProxy;
			containerPortal = B15FC49923349F82008D7031 /* Project object */;
			proxyType = 1;
			remoteGlobalIDString = B15FC4A023349F82008D7031;
			remoteInfo = PencilKitExample;
		};
/* End PBXContainerItemProxy section */

/* Begin PBXFileReference section */
		B15FC4A123349F82008D7031 /* PencilKitExample.app */ = {isa = PBXFileReference; explicitFileType = wrapper.application; includeInIndex = 0; path = PencilKitExample.app; sourceTree = BUILT_PRODUCTS_DIR; };
		B15FC4A423349F82008D7031 /* AppDelegate.swift */ = {isa = PBXFileReference; lastKnownFileType = sourcecode.swift; path = AppDelegate.swift; sourceTree = "<group>"; };
		B15FC4A623349F82008D7031 /* SceneDelegate.swift */ = {isa = PBXFileReference; lastKnownFileType = sourcecode.swift; path = SceneDelegate.swift; sourceTree = "<group>"; };
		B15FC4A823349F82008D7031 /* PencilKitViewController.swift */ = {isa = PBXFileReference; lastKnownFileType = sourcecode.swift; path = PencilKitViewController.swift; sourceTree = "<group>"; };
		B15FC4AB23349F82008D7031 /* Base */ = {isa = PBXFileReference; lastKnownFileType = file.storyboard; name = Base; path = Base.lproj/Main.storyboard; sourceTree = "<group>"; };
		B15FC4AD23349F83008D7031 /* Assets.xcassets */ = {isa = PBXFileReference; lastKnownFileType = folder.assetcatalog; path = Assets.xcassets; sourceTree = "<group>"; };
		B15FC4B023349F83008D7031 /* Base */ = {isa = PBXFileReference; lastKnownFileType = file.storyboard; name = Base; path = Base.lproj/LaunchScreen.storyboard; sourceTree = "<group>"; };
		B15FC4B223349F83008D7031 /* Info.plist */ = {isa = PBXFileReference; lastKnownFileType = text.plist.xml; path = Info.plist; sourceTree = "<group>"; };
		B15FC4B723349F83008D7031 /* PencilKitExampleTests.xctest */ = {isa = PBXFileReference; explicitFileType = wrapper.cfbundle; includeInIndex = 0; path = PencilKitExampleTests.xctest; sourceTree = BUILT_PRODUCTS_DIR; };
		B15FC4BB23349F83008D7031 /* PencilKitExampleTests.swift */ = {isa = PBXFileReference; lastKnownFileType = sourcecode.swift; path = PencilKitExampleTests.swift; sourceTree = "<group>"; };
		B15FC4BD23349F83008D7031 /* Info.plist */ = {isa = PBXFileReference; lastKnownFileType = text.plist.xml; path = Info.plist; sourceTree = "<group>"; };
		B15FC4C223349F84008D7031 /* PencilKitExampleUITests.xctest */ = {isa = PBXFileReference; explicitFileType = wrapper.cfbundle; includeInIndex = 0; path = PencilKitExampleUITests.xctest; sourceTree = BUILT_PRODUCTS_DIR; };
		B15FC4C623349F84008D7031 /* PencilKitExampleUITests.swift */ = {isa = PBXFileReference; lastKnownFileType = sourcecode.swift; path = PencilKitExampleUITests.swift; sourceTree = "<group>"; };
		B15FC4C823349F84008D7031 /* Info.plist */ = {isa = PBXFileReference; lastKnownFileType = text.plist.xml; path = Info.plist; sourceTree = "<group>"; };
		B15FC4D42334A159008D7031 /* PencilKitInterface.swift */ = {isa = PBXFileReference; lastKnownFileType = sourcecode.swift; path = PencilKitInterface.swift; sourceTree = "<group>"; };
		B15FC4D62334A17F008D7031 /* PKCanvas.swift */ = {isa = PBXFileReference; lastKnownFileType = sourcecode.swift; path = PKCanvas.swift; sourceTree = "<group>"; };
/* End PBXFileReference section */

/* Begin PBXFrameworksBuildPhase section */
		B15FC49E23349F82008D7031 /* Frameworks */ = {
			isa = PBXFrameworksBuildPhase;
			buildActionMask = 2147483647;
			files = (
			);
			runOnlyForDeploymentPostprocessing = 0;
		};
		B15FC4B423349F83008D7031 /* Frameworks */ = {
			isa = PBXFrameworksBuildPhase;
			buildActionMask = 2147483647;
			files = (
			);
			runOnlyForDeploymentPostprocessing = 0;
		};
		B15FC4BF23349F84008D7031 /* Frameworks */ = {
			isa = PBXFrameworksBuildPhase;
			buildActionMask = 2147483647;
			files = (
			);
			runOnlyForDeploymentPostprocessing = 0;
		};
/* End PBXFrameworksBuildPhase section */

/* Begin PBXGroup section */
		B15FC49823349F82008D7031 = {
			isa = PBXGroup;
			children = (
				B15FC4A323349F82008D7031 /* PencilKitExample */,
				B15FC4BA23349F83008D7031 /* PencilKitExampleTests */,
				B15FC4C523349F84008D7031 /* PencilKitExampleUITests */,
				B15FC4A223349F82008D7031 /* Products */,
			);
			sourceTree = "<group>";
		};
		B15FC4A223349F82008D7031 /* Products */ = {
			isa = PBXGroup;
			children = (
				B15FC4A123349F82008D7031 /* PencilKitExample.app */,
				B15FC4B723349F83008D7031 /* PencilKitExampleTests.xctest */,
				B15FC4C223349F84008D7031 /* PencilKitExampleUITests.xctest */,
			);
			name = Products;
			sourceTree = "<group>";
		};
		B15FC4A323349F82008D7031 /* PencilKitExample */ = {
			isa = PBXGroup;
			children = (
				B15FC4A423349F82008D7031 /* AppDelegate.swift */,
				B15FC4A623349F82008D7031 /* SceneDelegate.swift */,
				B15FC4A823349F82008D7031 /* PencilKitViewController.swift */,
				B15FC4AA23349F82008D7031 /* Main.storyboard */,
				B15FC4AD23349F83008D7031 /* Assets.xcassets */,
				B15FC4AF23349F83008D7031 /* LaunchScreen.storyboard */,
				B15FC4B223349F83008D7031 /* Info.plist */,
				B15FC4D42334A159008D7031 /* PencilKitInterface.swift */,
				B15FC4D62334A17F008D7031 /* PKCanvas.swift */,
			);
			path = PencilKitExample;
			sourceTree = "<group>";
		};
		B15FC4BA23349F83008D7031 /* PencilKitExampleTests */ = {
			isa = PBXGroup;
			children = (
				B15FC4BB23349F83008D7031 /* PencilKitExampleTests.swift */,
				B15FC4BD23349F83008D7031 /* Info.plist */,
			);
			path = PencilKitExampleTests;
			sourceTree = "<group>";
		};
		B15FC4C523349F84008D7031 /* PencilKitExampleUITests */ = {
			isa = PBXGroup;
			children = (
				B15FC4C623349F84008D7031 /* PencilKitExampleUITests.swift */,
				B15FC4C823349F84008D7031 /* Info.plist */,
			);
			path = PencilKitExampleUITests;
			sourceTree = "<group>";
		};
/* End PBXGroup section */

/* Begin PBXNativeTarget section */
		B15FC4A023349F82008D7031 /* PencilKitExample */ = {
			isa = PBXNativeTarget;
			buildConfigurationList = B15FC4CB23349F84008D7031 /* Build configuration list for PBXNativeTarget "PencilKitExample" */;
			buildPhases = (
				B15FC49D23349F82008D7031 /* Sources */,
				B15FC49E23349F82008D7031 /* Frameworks */,
				B15FC49F23349F82008D7031 /* Resources */,
			);
			buildRules = (
			);
			dependencies = (
			);
			name = PencilKitExample;
			productName = PencilKitExample;
			productReference = B15FC4A123349F82008D7031 /* PencilKitExample.app */;
			productType = "com.apple.product-type.application";
		};
		B15FC4B623349F83008D7031 /* PencilKitExampleTests */ = {
			isa = PBXNativeTarget;
			buildConfigurationList = B15FC4CE23349F84008D7031 /* Build configuration list for PBXNativeTarget "PencilKitExampleTests" */;
			buildPhases = (
				B15FC4B323349F83008D7031 /* Sources */,
				B15FC4B423349F83008D7031 /* Frameworks */,
				B15FC4B523349F83008D7031 /* Resources */,
			);
			buildRules = (
			);
			dependencies = (
				B15FC4B923349F83008D7031 /* PBXTargetDependency */,
			);
			name = PencilKitExampleTests;
			productName = PencilKitExampleTests;
			productReference = B15FC4B723349F83008D7031 /* PencilKitExampleTests.xctest */;
			productType = "com.apple.product-type.bundle.unit-test";
		};
		B15FC4C123349F84008D7031 /* PencilKitExampleUITests */ = {
			isa = PBXNativeTarget;
			buildConfigurationList = B15FC4D123349F84008D7031 /* Build configuration list for PBXNativeTarget "PencilKitExampleUITests" */;
			buildPhases = (
				B15FC4BE23349F84008D7031 /* Sources */,
				B15FC4BF23349F84008D7031 /* Frameworks */,
				B15FC4C023349F84008D7031 /* Resources */,
			);
			buildRules = (
			);
			dependencies = (
				B15FC4C423349F84008D7031 /* PBXTargetDependency */,
			);
			name = PencilKitExampleUITests;
			productName = PencilKitExampleUITests;
			productReference = B15FC4C223349F84008D7031 /* PencilKitExampleUITests.xctest */;
			productType = "com.apple.product-type.bundle.ui-testing";
		};
/* End PBXNativeTarget section */

/* Begin PBXProject section */
		B15FC49923349F82008D7031 /* Project object */ = {
			isa = PBXProject;
			attributes = {
				LastSwiftUpdateCheck = 1100;
				LastUpgradeCheck = 1100;
				ORGANIZATIONNAME = "Yoel Lev";
				TargetAttributes = {
					B15FC4A023349F82008D7031 = {
						CreatedOnToolsVersion = 11.0;
					};
					B15FC4B623349F83008D7031 = {
						CreatedOnToolsVersion = 11.0;
						TestTargetID = B15FC4A023349F82008D7031;
					};
					B15FC4C123349F84008D7031 = {
						CreatedOnToolsVersion = 11.0;
						TestTargetID = B15FC4A023349F82008D7031;
					};
				};
			};
			buildConfigurationList = B15FC49C23349F82008D7031 /* Build configuration list for PBXProject "PencilKitExample" */;
			compatibilityVersion = "Xcode 9.3";
			developmentRegion = en;
			hasScannedForEncodings = 0;
			knownRegions = (
				en,
				Base,
			);
			mainGroup = B15FC49823349F82008D7031;
			productRefGroup = B15FC4A223349F82008D7031 /* Products */;
			projectDirPath = "";
			projectRoot = "";
			targets = (
				B15FC4A023349F82008D7031 /* PencilKitExample */,
				B15FC4B623349F83008D7031 /* PencilKitExampleTests */,
				B15FC4C123349F84008D7031 /* PencilKitExampleUITests */,
			);
		};
/* End PBXProject section */

/* Begin PBXResourcesBuildPhase section */
		B15FC49F23349F82008D7031 /* Resources */ = {
			isa = PBXResourcesBuildPhase;
			buildActionMask = 2147483647;
			files = (
				B15FC4B123349F83008D7031 /* LaunchScreen.storyboard in Resources */,
				B15FC4AE23349F83008D7031 /* Assets.xcassets in Resources */,
				B15FC4AC23349F82008D7031 /* Main.storyboard in Resources */,
			);
			runOnlyForDeploymentPostprocessing = 0;
		};
		B15FC4B523349F83008D7031 /* Resources */ = {
			isa = PBXResourcesBuildPhase;
			buildActionMask = 2147483647;
			files = (
			);
			runOnlyForDeploymentPostprocessing = 0;
		};
		B15FC4C023349F84008D7031 /* Resources */ = {
			isa = PBXResourcesBuildPhase;
			buildActionMask = 2147483647;
			files = (
			);
			runOnlyForDeploymentPostprocessing = 0;
		};
/* End PBXResourcesBuildPhase section */

/* Begin PBXSourcesBuildPhase section */
		B15FC49D23349F82008D7031 /* Sources */ = {
			isa = PBXSourcesBuildPhase;
			buildActionMask = 2147483647;
			files = (
				B15FC4A923349F82008D7031 /* PencilKitViewController.swift in Sources */,
				B15FC4A523349F82008D7031 /* AppDelegate.swift in Sources */,
				B15FC4A723349F82008D7031 /* SceneDelegate.swift in Sources */,
				B15FC4D72334A17F008D7031 /* PKCanvas.swift in Sources */,
				B15FC4D52334A159008D7031 /* PencilKitInterface.swift in Sources */,
			);
			runOnlyForDeploymentPostprocessing = 0;
		};
		B15FC4B323349F83008D7031 /* Sources */ = {
			isa = PBXSourcesBuildPhase;
			buildActionMask = 2147483647;
			files = (
				B15FC4BC23349F83008D7031 /* PencilKitExampleTests.swift in Sources */,
			);
			runOnlyForDeploymentPostprocessing = 0;
		};
		B15FC4BE23349F84008D7031 /* Sources */ = {
			isa = PBXSourcesBuildPhase;
			buildActionMask = 2147483647;
			files = (
				B15FC4C723349F84008D7031 /* PencilKitExampleUITests.swift in Sources */,
			);
			runOnlyForDeploymentPostprocessing = 0;
		};
/* End PBXSourcesBuildPhase section */

/* Begin PBXTargetDependency section */
		B15FC4B923349F83008D7031 /* PBXTargetDependency */ = {
			isa = PBXTargetDependency;
			target = B15FC4A023349F82008D7031 /* PencilKitExample */;
			targetProxy = B15FC4B823349F83008D7031 /* PBXContainerItemProxy */;
		};
		B15FC4C423349F84008D7031 /* PBXTargetDependency */ = {
			isa = PBXTargetDependency;
			target = B15FC4A023349F82008D7031 /* PencilKitExample */;
			targetProxy = B15FC4C323349F84008D7031 /* PBXContainerItemProxy */;
		};
/* End PBXTargetDependency section */

/* Begin PBXVariantGroup section */
		B15FC4AA23349F82008D7031 /* Main.storyboard */ = {
			isa = PBXVariantGroup;
			children = (
				B15FC4AB23349F82008D7031 /* Base */,
			);
			name = Main.storyboard;
			sourceTree = "<group>";
		};
		B15FC4AF23349F83008D7031 /* LaunchScreen.storyboard */ = {
			isa = PBXVariantGroup;
			children = (
				B15FC4B023349F83008D7031 /* Base */,
			);
			name = LaunchScreen.storyboard;
			sourceTree = "<group>";
		};
/* End PBXVariantGroup section */

/* Begin XCBuildConfiguration section */
		B15FC4C923349F84008D7031 /* Debug */ = {
			isa = XCBuildConfiguration;
			buildSettings = {
				ALWAYS_SEARCH_USER_PATHS = NO;
				CLANG_ANALYZER_NONNULL = YES;
				CLANG_ANALYZER_NUMBER_OBJECT_CONVERSION = YES_AGGRESSIVE;
				CLANG_CXX_LANGUAGE_STANDARD = "gnu++14";
				CLANG_CXX_LIBRARY = "libc++";
				CLANG_ENABLE_MODULES = YES;
				CLANG_ENABLE_OBJC_ARC = YES;
				CLANG_ENABLE_OBJC_WEAK = YES;
				CLANG_WARN_BLOCK_CAPTURE_AUTORELEASING = YES;
				CLANG_WARN_BOOL_CONVERSION = YES;
				CLANG_WARN_COMMA = YES;
				CLANG_WARN_CONSTANT_CONVERSION = YES;
				CLANG_WARN_DEPRECATED_OBJC_IMPLEMENTATIONS = YES;
				CLANG_WARN_DIRECT_OBJC_ISA_USAGE = YES_ERROR;
				CLANG_WARN_DOCUMENTATION_COMMENTS = YES;
				CLANG_WARN_EMPTY_BODY = YES;
				CLANG_WARN_ENUM_CONVERSION = YES;
				CLANG_WARN_INFINITE_RECURSION = YES;
				CLANG_WARN_INT_CONVERSION = YES;
				CLANG_WARN_NON_LITERAL_NULL_CONVERSION = YES;
				CLANG_WARN_OBJC_IMPLICIT_RETAIN_SELF = YES;
				CLANG_WARN_OBJC_LITERAL_CONVERSION = YES;
				CLANG_WARN_OBJC_ROOT_CLASS = YES_ERROR;
				CLANG_WARN_RANGE_LOOP_ANALYSIS = YES;
				CLANG_WARN_STRICT_PROTOTYPES = YES;
				CLANG_WARN_SUSPICIOUS_MOVE = YES;
				CLANG_WARN_UNGUARDED_AVAILABILITY = YES_AGGRESSIVE;
				CLANG_WARN_UNREACHABLE_CODE = YES;
				CLANG_WARN__DUPLICATE_METHOD_MATCH = YES;
				COPY_PHASE_STRIP = NO;
				DEBUG_INFORMATION_FORMAT = dwarf;
				ENABLE_STRICT_OBJC_MSGSEND = YES;
				ENABLE_TESTABILITY = YES;
				GCC_C_LANGUAGE_STANDARD = gnu11;
				GCC_DYNAMIC_NO_PIC = NO;
				GCC_NO_COMMON_BLOCKS = YES;
				GCC_OPTIMIZATION_LEVEL = 0;
				GCC_PREPROCESSOR_DEFINITIONS = (
					"DEBUG=1",
					"$(inherited)",
				);
				GCC_WARN_64_TO_32_BIT_CONVERSION = YES;
				GCC_WARN_ABOUT_RETURN_TYPE = YES_ERROR;
				GCC_WARN_UNDECLARED_SELECTOR = YES;
				GCC_WARN_UNINITIALIZED_AUTOS = YES_AGGRESSIVE;
				GCC_WARN_UNUSED_FUNCTION = YES;
				GCC_WARN_UNUSED_VARIABLE = YES;
				IPHONEOS_DEPLOYMENT_TARGET = 13.0;
				MTL_ENABLE_DEBUG_INFO = INCLUDE_SOURCE;
				MTL_FAST_MATH = YES;
				ONLY_ACTIVE_ARCH = YES;
				SDKROOT = iphoneos;
				SWIFT_ACTIVE_COMPILATION_CONDITIONS = DEBUG;
				SWIFT_OPTIMIZATION_LEVEL = "-Onone";
			};
			name = Debug;
		};
		B15FC4CA23349F84008D7031 /* Release */ = {
			isa = XCBuildConfiguration;
			buildSettings = {
				ALWAYS_SEARCH_USER_PATHS = NO;
				CLANG_ANALYZER_NONNULL = YES;
				CLANG_ANALYZER_NUMBER_OBJECT_CONVERSION = YES_AGGRESSIVE;
				CLANG_CXX_LANGUAGE_STANDARD = "gnu++14";
				CLANG_CXX_LIBRARY = "libc++";
				CLANG_ENABLE_MODULES = YES;
				CLANG_ENABLE_OBJC_ARC = YES;
				CLANG_ENABLE_OBJC_WEAK = YES;
				CLANG_WARN_BLOCK_CAPTURE_AUTORELEASING = YES;
				CLANG_WARN_BOOL_CONVERSION = YES;
				CLANG_WARN_COMMA = YES;
				CLANG_WARN_CONSTANT_CONVERSION = YES;
				CLANG_WARN_DEPRECATED_OBJC_IMPLEMENTATIONS = YES;
				CLANG_WARN_DIRECT_OBJC_ISA_USAGE = YES_ERROR;
				CLANG_WARN_DOCUMENTATION_COMMENTS = YES;
				CLANG_WARN_EMPTY_BODY = YES;
				CLANG_WARN_ENUM_CONVERSION = YES;
				CLANG_WARN_INFINITE_RECURSION = YES;
				CLANG_WARN_INT_CONVERSION = YES;
				CLANG_WARN_NON_LITERAL_NULL_CONVERSION = YES;
				CLANG_WARN_OBJC_IMPLICIT_RETAIN_SELF = YES;
				CLANG_WARN_OBJC_LITERAL_CONVERSION = YES;
				CLANG_WARN_OBJC_ROOT_CLASS = YES_ERROR;
				CLANG_WARN_RANGE_LOOP_ANALYSIS = YES;
				CLANG_WARN_STRICT_PROTOTYPES = YES;
				CLANG_WARN_SUSPICIOUS_MOVE = YES;
				CLANG_WARN_UNGUARDED_AVAILABILITY = YES_AGGRESSIVE;
				CLANG_WARN_UNREACHABLE_CODE = YES;
				CLANG_WARN__DUPLICATE_METHOD_MATCH = YES;
				COPY_PHASE_STRIP = NO;
				DEBUG_INFORMATION_FORMAT = "dwarf-with-dsym";
				ENABLE_NS_ASSERTIONS = NO;
				ENABLE_STRICT_OBJC_MSGSEND = YES;
				GCC_C_LANGUAGE_STANDARD = gnu11;
				GCC_NO_COMMON_BLOCKS = YES;
				GCC_WARN_64_TO_32_BIT_CONVERSION = YES;
				GCC_WARN_ABOUT_RETURN_TYPE = YES_ERROR;
				GCC_WARN_UNDECLARED_SELECTOR = YES;
				GCC_WARN_UNINITIALIZED_AUTOS = YES_AGGRESSIVE;
				GCC_WARN_UNUSED_FUNCTION = YES;
				GCC_WARN_UNUSED_VARIABLE = YES;
				IPHONEOS_DEPLOYMENT_TARGET = 13.0;
				MTL_ENABLE_DEBUG_INFO = NO;
				MTL_FAST_MATH = YES;
				SDKROOT = iphoneos;
				SWIFT_COMPILATION_MODE = wholemodule;
				SWIFT_OPTIMIZATION_LEVEL = "-O";
				VALIDATE_PRODUCT = YES;
			};
			name = Release;
		};
		B15FC4CC23349F84008D7031 /* Debug */ = {
			isa = XCBuildConfiguration;
			buildSettings = {
				ASSETCATALOG_COMPILER_APPICON_NAME = AppIcon;
				CODE_SIGN_STYLE = Automatic;
				DEVELOPMENT_TEAM = 7MC85J6Z5Y;
				INFOPLIST_FILE = PencilKitExample/Info.plist;
				LD_RUNPATH_SEARCH_PATHS = (
					"$(inherited)",
					"@executable_path/Frameworks",
				);
				PRODUCT_BUNDLE_IDENTIFIER = com.yoelev.PencilKitExample;
				PRODUCT_NAME = "$(TARGET_NAME)";
				SWIFT_VERSION = 5.0;
				TARGETED_DEVICE_FAMILY = "1,2";
			};
			name = Debug;
		};
		B15FC4CD23349F84008D7031 /* Release */ = {
			isa = XCBuildConfiguration;
			buildSettings = {
				ASSETCATALOG_COMPILER_APPICON_NAME = AppIcon;
				CODE_SIGN_STYLE = Automatic;
				DEVELOPMENT_TEAM = 7MC85J6Z5Y;
				INFOPLIST_FILE = PencilKitExample/Info.plist;
				LD_RUNPATH_SEARCH_PATHS = (
					"$(inherited)",
					"@executable_path/Frameworks",
				);
				PRODUCT_BUNDLE_IDENTIFIER = com.yoelev.PencilKitExample;
				PRODUCT_NAME = "$(TARGET_NAME)";
				SWIFT_VERSION = 5.0;
				TARGETED_DEVICE_FAMILY = "1,2";
			};
			name = Release;
		};
		B15FC4CF23349F84008D7031 /* Debug */ = {
			isa = XCBuildConfiguration;
			buildSettings = {
				ALWAYS_EMBED_SWIFT_STANDARD_LIBRARIES = YES;
				BUNDLE_LOADER = "$(TEST_HOST)";
				CODE_SIGN_STYLE = Automatic;
				DEVELOPMENT_TEAM = 7MC85J6Z5Y;
				INFOPLIST_FILE = PencilKitExampleTests/Info.plist;
				IPHONEOS_DEPLOYMENT_TARGET = 13.0;
				LD_RUNPATH_SEARCH_PATHS = (
					"$(inherited)",
					"@executable_path/Frameworks",
					"@loader_path/Frameworks",
				);
				PRODUCT_BUNDLE_IDENTIFIER = com.yoelev.PencilKitExampleTests;
				PRODUCT_NAME = "$(TARGET_NAME)";
				SWIFT_VERSION = 5.0;
				TARGETED_DEVICE_FAMILY = "1,2";
				TEST_HOST = "$(BUILT_PRODUCTS_DIR)/PencilKitExample.app/PencilKitExample";
			};
			name = Debug;
		};
		B15FC4D023349F84008D7031 /* Release */ = {
			isa = XCBuildConfiguration;
			buildSettings = {
				ALWAYS_EMBED_SWIFT_STANDARD_LIBRARIES = YES;
				BUNDLE_LOADER = "$(TEST_HOST)";
				CODE_SIGN_STYLE = Automatic;
				DEVELOPMENT_TEAM = 7MC85J6Z5Y;
				INFOPLIST_FILE = PencilKitExampleTests/Info.plist;
				IPHONEOS_DEPLOYMENT_TARGET = 13.0;
				LD_RUNPATH_SEARCH_PATHS = (
					"$(inherited)",
					"@executable_path/Frameworks",
					"@loader_path/Frameworks",
				);
				PRODUCT_BUNDLE_IDENTIFIER = com.yoelev.PencilKitExampleTests;
				PRODUCT_NAME = "$(TARGET_NAME)";
				SWIFT_VERSION = 5.0;
				TARGETED_DEVICE_FAMILY = "1,2";
				TEST_HOST = "$(BUILT_PRODUCTS_DIR)/PencilKitExample.app/PencilKitExample";
			};
			name = Release;
		};
		B15FC4D223349F84008D7031 /* Debug */ = {
			isa = XCBuildConfiguration;
			buildSettings = {
				ALWAYS_EMBED_SWIFT_STANDARD_LIBRARIES = YES;
				CODE_SIGN_STYLE = Automatic;
				DEVELOPMENT_TEAM = 7MC85J6Z5Y;
				INFOPLIST_FILE = PencilKitExampleUITests/Info.plist;
				LD_RUNPATH_SEARCH_PATHS = (
					"$(inherited)",
					"@executable_path/Frameworks",
					"@loader_path/Frameworks",
				);
				PRODUCT_BUNDLE_IDENTIFIER = com.yoelev.PencilKitExampleUITests;
				PRODUCT_NAME = "$(TARGET_NAME)";
				SWIFT_VERSION = 5.0;
				TARGETED_DEVICE_FAMILY = "1,2";
				TEST_TARGET_NAME = PencilKitExample;
			};
			name = Debug;
		};
		B15FC4D323349F84008D7031 /* Release */ = {
			isa = XCBuildConfiguration;
			buildSettings = {
				ALWAYS_EMBED_SWIFT_STANDARD_LIBRARIES = YES;
				CODE_SIGN_STYLE = Automatic;
				DEVELOPMENT_TEAM = 7MC85J6Z5Y;
				INFOPLIST_FILE = PencilKitExampleUITests/Info.plist;
				LD_RUNPATH_SEARCH_PATHS = (
					"$(inherited)",
					"@executable_path/Frameworks",
					"@loader_path/Frameworks",
				);
				PRODUCT_BUNDLE_IDENTIFIER = com.yoelev.PencilKitExampleUITests;
				PRODUCT_NAME = "$(TARGET_NAME)";
				SWIFT_VERSION = 5.0;
				TARGETED_DEVICE_FAMILY = "1,2";
				TEST_TARGET_NAME = PencilKitExample;
			};
			name = Release;
		};
/* End XCBuildConfiguration section */

/* Begin XCConfigurationList section */
		B15FC49C23349F82008D7031 /* Build configuration list for PBXProject "PencilKitExample" */ = {
			isa = XCConfigurationList;
			buildConfigurations = (
				B15FC4C923349F84008D7031 /* Debug */,
				B15FC4CA23349F84008D7031 /* Release */,
			);
			defaultConfigurationIsVisible = 0;
			defaultConfigurationName = Release;
		};
		B15FC4CB23349F84008D7031 /* Build configuration list for PBXNativeTarget "PencilKitExample" */ = {
			isa = XCConfigurationList;
			buildConfigurations = (
				B15FC4CC23349F84008D7031 /* Debug */,
				B15FC4CD23349F84008D7031 /* Release */,
			);
			defaultConfigurationIsVisible = 0;
			defaultConfigurationName = Release;
		};
		B15FC4CE23349F84008D7031 /* Build configuration list for PBXNativeTarget "PencilKitExampleTests" */ = {
			isa = XCConfigurationList;
			buildConfigurations = (
				B15FC4CF23349F84008D7031 /* Debug */,
				B15FC4D023349F84008D7031 /* Release */,
			);
			defaultConfigurationIsVisible = 0;
			defaultConfigurationName = Release;
		};
		B15FC4D123349F84008D7031 /* Build configuration list for PBXNativeTarget "PencilKitExampleUITests" */ = {
			isa = XCConfigurationList;
			buildConfigurations = (
				B15FC4D223349F84008D7031 /* Debug */,
				B15FC4D323349F84008D7031 /* Release */,
			);
			defaultConfigurationIsVisible = 0;
			defaultConfigurationName = Release;
		};
/* End XCConfigurationList section */
	};
	rootObject = B15FC49923349F82008D7031 /* Project object */;
}
